
Microsoft Visual Studio Solution File, Format Version 12.00
# Visual Studio 15
VisualStudioVersion = 15.0.28307.438
MinimumVisualStudioVersion = 10.0.40219.1
Project("{8BC9CEB8-8B4A-11D0-8D11-00A0C91BC942}") = "ColelctionOfExample", "ColelctionOfExample\ColelctionOfExample.vcxproj", "{D83FC653-ABFB-4B8C-B58C-BE8998688596}"
EndProject
Project("{8BC9CEB8-8B4A-11D0-8D11-00A0C91BC942}") = "EquationProvision", "EquationProvision\EquationProvision.vcxproj", "{C7C48ABB-8A94-4184-8CFD-BE1F332127BB}"
EndProject
Project("{8BC9CEB8-8B4A-11D0-8D11-00A0C91BC942}") = "VarianceAndStandardDeviationCalculation", "VarianceAndStandardDeviationCalculation\VarianceAndStandardDeviationCalculation.vcxproj", "{31AC8A09-1EE0-473B-AA48-1BDF950FDE74}"
EndProject
Project("{8BC9CEB8-8B4A-11D0-8D11-00A0C91BC942}") = "CollatzsTheorem", "CollatzsTheorem\CollatzsTheorem.vcxproj", "{20D844DA-8D7A-4CCB-BD11-CDEEE42A369D}"
EndProject
Project("{8BC9CEB8-8B4A-11D0-8D11-00A0C91BC942}") = "PerfectNumberForm", "PerfectNumberForm\PerfectNumberForm.vcxproj", "{09096BD6-A946-4355-86D9-75CDDF4B96D6}"
EndProject
Project("{8BC9CEB8-8B4A-11D0-8D11-00A0C91BC942}") = "CullenNumber", "CullenNumber\CullenNumber.vcxproj", "{7635D06D-8094-493F-9795-1362299240CD}"
EndProject
Project("{8BC9CEB8-8B4A-11D0-8D11-00A0C91BC942}") = "BubbleSort", "BubbleSort\BubbleSort.vcxproj", "{4EB07D62-EA09-4864-A90A-15BC7955500F}"
EndProject
Project("{8BC9CEB8-8B4A-11D0-8D11-00A0C91BC942}") = "QuickSort", "QuickSort\QuickSort.vcxproj", "{F2ED9395-55C1-4FCD-A826-8C6EFC4A0907}"
EndProject
Project("{8BC9CEB8-8B4A-11D0-8D11-00A0C91BC942}") = "InsertionSort", "InsertionSort\InsertionSort.vcxproj", "{C70D4D02-FB34-4512-8456-DDDBC386E92C}"
EndProject
Project("{8BC9CEB8-8B4A-11D0-8D11-00A0C91BC942}") = "MatrixApplications_1", "MatrixApplications_1\MatrixApplications_1.vcxproj", "{35132DAF-497A-4950-A71D-EEFFDE033B40}"
EndProject
Project("{8BC9CEB8-8B4A-11D0-8D11-00A0C91BC942}") = "ArrayApplication_10", "ArrayApplication_10\ArrayApplication_10.vcxproj", "{AAF933E5-6CED-45BA-98BA-5A5F15FEDA0B}"
EndProject
Project("{8BC9CEB8-8B4A-11D0-8D11-00A0C91BC942}") = "ArrayApplication_9", "ArrayApplication_9\ArrayApplication_9.vcxproj", "{EC1DE425-72F9-4873-9B90-99213BB2CFFA}"
EndProject
Project("{8BC9CEB8-8B4A-11D0-8D11-00A0C91BC942}") = "ArrayApplication_8", "ArrayApplication_8\ArrayApplication_8.vcxproj", "{06A8C5DA-F203-412E-BDAF-3E949A9520C9}"
EndProject
Project("{8BC9CEB8-8B4A-11D0-8D11-00A0C91BC942}") = "ArrayApplication_7", "ArrayApplication_7\ArrayApplication_7.vcxproj", "{484BEBD8-1386-457A-80C7-4BFF055AB7AD}"
EndProject
Project("{8BC9CEB8-8B4A-11D0-8D11-00A0C91BC942}") = "ArrayApplication_6", "ArrayApplication_6\ArrayApplication_6.vcxproj", "{646CBE5F-C0B2-44F9-8701-C70D2CF45563}"
EndProject
Project("{8BC9CEB8-8B4A-11D0-8D11-00A0C91BC942}") = "ArrayApplication_5", "ArrayApplication_5\ArrayApplication_5.vcxproj", "{C4EC461B-8B86-4E6C-96F8-B4EAEBB6B86B}"
EndProject
Project("{8BC9CEB8-8B4A-11D0-8D11-00A0C91BC942}") = "ArrayApplication_4", "ArrayApplication_4\ArrayApplication_4.vcxproj", "{CD5ED0DD-AB63-463F-A20A-CD5054BA4605}"
EndProject
Project("{8BC9CEB8-8B4A-11D0-8D11-00A0C91BC942}") = "ArrayApplication_3", "ArrayApplication_3\ArrayApplication_3.vcxproj", "{59B5C93B-42B5-43A9-BE85-0DF5160A650F}"
EndProject
Project("{8BC9CEB8-8B4A-11D0-8D11-00A0C91BC942}") = "ArrayApplication_2", "ArrayApplication_2\ArrayApplication_2.vcxproj", "{1D7A3412-9F7D-4481-B22C-224410184DC1}"
EndProject
Project("{8BC9CEB8-8B4A-11D0-8D11-00A0C91BC942}") = "ArrayApplication_1", "ArrayApplication_1\ArrayApplication_1.vcxproj", "{4B9D62F2-B708-4890-95E9-BE032C994486}"
EndProject
Project("{8BC9CEB8-8B4A-11D0-8D11-00A0C91BC942}") = "RecursionSeriesCalculation", "RecursionSeriesCalculation\RecursionSeriesCalculation.vcxproj", "{5C0CF6CC-0308-4FF7-9D91-5E5F09DA7AEB}"
EndProject
Project("{8BC9CEB8-8B4A-11D0-8D11-00A0C91BC942}") = "FibonacciSeries", "FibonacciSeries\FibonacciSeries.vcxproj", "{1FAA7A59-4FCE-4C8A-85A4-8A3A24BF71D5}"
EndProject
Project("{8BC9CEB8-8B4A-11D0-8D11-00A0C91BC942}") = "FindingPrimeNmber", "FindingPrimeNmber\FindingPrimeNmber.vcxproj", "{651E74F5-49E3-409A-B121-3673697C25AE}"
EndProject
Project("{8BC9CEB8-8B4A-11D0-8D11-00A0C91BC942}") = "FindingTheSumofDigits", "FindingTheSumofDigits\FindingTheSumofDigits.vcxproj", "{37F1BBC8-FF58-43D4-9C15-9D9DD17EBBAC}"
EndProject
Project("{8BC9CEB8-8B4A-11D0-8D11-00A0C91BC942}") = "CalculateModeofNumbers", "CalculateModeofNumbers\CalculateModeofNumbers.vcxproj", "{F21D0975-1B9A-46B1-93EB-B2DC26AC5C7F}"
EndProject
Project("{8BC9CEB8-8B4A-11D0-8D11-00A0C91BC942}") = "HarmonicAverage", "HarmonicAverage\HarmonicAverage.vcxproj", "{350CAF6B-ECB9-401D-9CA4-5E48A273B032}"
EndProject
Project("{8BC9CEB8-8B4A-11D0-8D11-00A0C91BC942}") = "SinusTheoremCalculator", "SinusTheoremCalculator\SinusTheoremCalculator.vcxproj", "{1DA66C41-D9E9-4716-9B30-BFFF6FE864AB}"
EndProject
Project("{8BC9CEB8-8B4A-11D0-8D11-00A0C91BC942}") = "PythagoreanTheoremCalculation", "PythagoreanTheoremCalculation\PythagoreanTheoremCalculation.vcxproj", "{78B2DE20-B470-4E90-A18D-12606F1FD0F8}"
EndProject
Project("{8BC9CEB8-8B4A-11D0-8D11-00A0C91BC942}") = "AverageCalculation", "AverageCalculation\AverageCalculation.vcxproj", "{4AD4F10C-7FAA-46AC-A362-E7B98BB995BB}"
EndProject
Project("{8BC9CEB8-8B4A-11D0-8D11-00A0C91BC942}") = "2ndDegreeLinearEquationCalculation", "2ndDegreeLinearEquationCalculation\2ndDegreeLinearEquationCalculation.vcxproj", "{7F91929E-9A4D-4EA3-A683-A35A7EEBA97D}"
EndProject
Project("{8BC9CEB8-8B4A-11D0-8D11-00A0C91BC942}") = "TilePatternMadeofStars", "TilePatternMadeofStars\TilePatternMadeofStars.vcxproj", "{C71CCE7E-824E-48E7-8C40-24506AA03CA4}"
EndProject
Project("{8BC9CEB8-8B4A-11D0-8D11-00A0C91BC942}") = "SquareConstruction", "SquareConstruction\SquareConstruction.vcxproj", "{BAF77FFA-161F-4321-B487-D0BFD59676FF}"
EndProject
Project("{8BC9CEB8-8B4A-11D0-8D11-00A0C91BC942}") = "VerticalTriangleConstruction", "VerticalTriangleConstruction\VerticalTriangleConstruction.vcxproj", "{4397231C-E8FD-421D-8731-F4AB08570E91}"
EndProject
Global
	GlobalSection(SolutionConfigurationPlatforms) = preSolution
		Debug|x64 = Debug|x64
		Debug|x86 = Debug|x86
		Release|x64 = Release|x64
		Release|x86 = Release|x86
	EndGlobalSection
	GlobalSection(ProjectConfigurationPlatforms) = postSolution
		{D83FC653-ABFB-4B8C-B58C-BE8998688596}.Debug|x64.ActiveCfg = Debug|x64
		{D83FC653-ABFB-4B8C-B58C-BE8998688596}.Debug|x64.Build.0 = Debug|x64
		{D83FC653-ABFB-4B8C-B58C-BE8998688596}.Debug|x86.ActiveCfg = Debug|Win32
		{D83FC653-ABFB-4B8C-B58C-BE8998688596}.Debug|x86.Build.0 = Debug|Win32
		{D83FC653-ABFB-4B8C-B58C-BE8998688596}.Release|x64.ActiveCfg = Release|x64
		{D83FC653-ABFB-4B8C-B58C-BE8998688596}.Release|x64.Build.0 = Release|x64
		{D83FC653-ABFB-4B8C-B58C-BE8998688596}.Release|x86.ActiveCfg = Release|Win32
		{D83FC653-ABFB-4B8C-B58C-BE8998688596}.Release|x86.Build.0 = Release|Win32
		{C7C48ABB-8A94-4184-8CFD-BE1F332127BB}.Debug|x64.ActiveCfg = Debug|x64
		{C7C48ABB-8A94-4184-8CFD-BE1F332127BB}.Debug|x64.Build.0 = Debug|x64
		{C7C48ABB-8A94-4184-8CFD-BE1F332127BB}.Debug|x86.ActiveCfg = Debug|Win32
		{C7C48ABB-8A94-4184-8CFD-BE1F332127BB}.Debug|x86.Build.0 = Debug|Win32
		{C7C48ABB-8A94-4184-8CFD-BE1F332127BB}.Release|x64.ActiveCfg = Release|x64
		{C7C48ABB-8A94-4184-8CFD-BE1F332127BB}.Release|x64.Build.0 = Release|x64
		{C7C48ABB-8A94-4184-8CFD-BE1F332127BB}.Release|x86.ActiveCfg = Release|Win32
		{C7C48ABB-8A94-4184-8CFD-BE1F332127BB}.Release|x86.Build.0 = Release|Win32
		{31AC8A09-1EE0-473B-AA48-1BDF950FDE74}.Debug|x64.ActiveCfg = Debug|x64
		{31AC8A09-1EE0-473B-AA48-1BDF950FDE74}.Debug|x64.Build.0 = Debug|x64
		{31AC8A09-1EE0-473B-AA48-1BDF950FDE74}.Debug|x86.ActiveCfg = Debug|Win32
		{31AC8A09-1EE0-473B-AA48-1BDF950FDE74}.Debug|x86.Build.0 = Debug|Win32
		{31AC8A09-1EE0-473B-AA48-1BDF950FDE74}.Release|x64.ActiveCfg = Release|x64
		{31AC8A09-1EE0-473B-AA48-1BDF950FDE74}.Release|x64.Build.0 = Release|x64
		{31AC8A09-1EE0-473B-AA48-1BDF950FDE74}.Release|x86.ActiveCfg = Release|Win32
		{31AC8A09-1EE0-473B-AA48-1BDF950FDE74}.Release|x86.Build.0 = Release|Win32
		{20D844DA-8D7A-4CCB-BD11-CDEEE42A369D}.Debug|x64.ActiveCfg = Debug|x64
		{20D844DA-8D7A-4CCB-BD11-CDEEE42A369D}.Debug|x64.Build.0 = Debug|x64
		{20D844DA-8D7A-4CCB-BD11-CDEEE42A369D}.Debug|x86.ActiveCfg = Debug|Win32
		{20D844DA-8D7A-4CCB-BD11-CDEEE42A369D}.Debug|x86.Build.0 = Debug|Win32
		{20D844DA-8D7A-4CCB-BD11-CDEEE42A369D}.Release|x64.ActiveCfg = Release|x64
		{20D844DA-8D7A-4CCB-BD11-CDEEE42A369D}.Release|x64.Build.0 = Release|x64
		{20D844DA-8D7A-4CCB-BD11-CDEEE42A369D}.Release|x86.ActiveCfg = Release|Win32
		{20D844DA-8D7A-4CCB-BD11-CDEEE42A369D}.Release|x86.Build.0 = Release|Win32
		{09096BD6-A946-4355-86D9-75CDDF4B96D6}.Debug|x64.ActiveCfg = Debug|x64
		{09096BD6-A946-4355-86D9-75CDDF4B96D6}.Debug|x64.Build.0 = Debug|x64
		{09096BD6-A946-4355-86D9-75CDDF4B96D6}.Debug|x86.ActiveCfg = Debug|Win32
		{09096BD6-A946-4355-86D9-75CDDF4B96D6}.Debug|x86.Build.0 = Debug|Win32
		{09096BD6-A946-4355-86D9-75CDDF4B96D6}.Release|x64.ActiveCfg = Release|x64
		{09096BD6-A946-4355-86D9-75CDDF4B96D6}.Release|x64.Build.0 = Release|x64
		{09096BD6-A946-4355-86D9-75CDDF4B96D6}.Release|x86.ActiveCfg = Release|Win32
		{09096BD6-A946-4355-86D9-75CDDF4B96D6}.Release|x86.Build.0 = Release|Win32
		{7635D06D-8094-493F-9795-1362299240CD}.Debug|x64.ActiveCfg = Debug|x64
		{7635D06D-8094-493F-9795-1362299240CD}.Debug|x64.Build.0 = Debug|x64
		{7635D06D-8094-493F-9795-1362299240CD}.Debug|x86.ActiveCfg = Debug|Win32
		{7635D06D-8094-493F-9795-1362299240CD}.Debug|x86.Build.0 = Debug|Win32
		{7635D06D-8094-493F-9795-1362299240CD}.Release|x64.ActiveCfg = Release|x64
		{7635D06D-8094-493F-9795-1362299240CD}.Release|x64.Build.0 = Release|x64
		{7635D06D-8094-493F-9795-1362299240CD}.Release|x86.ActiveCfg = Release|Win32
		{7635D06D-8094-493F-9795-1362299240CD}.Release|x86.Build.0 = Release|Win32
		{4EB07D62-EA09-4864-A90A-15BC7955500F}.Debug|x64.ActiveCfg = Debug|x64
		{4EB07D62-EA09-4864-A90A-15BC7955500F}.Debug|x64.Build.0 = Debug|x64
		{4EB07D62-EA09-4864-A90A-15BC7955500F}.Debug|x86.ActiveCfg = Debug|Win32
		{4EB07D62-EA09-4864-A90A-15BC7955500F}.Debug|x86.Build.0 = Debug|Win32
		{4EB07D62-EA09-4864-A90A-15BC7955500F}.Release|x64.ActiveCfg = Release|x64
		{4EB07D62-EA09-4864-A90A-15BC7955500F}.Release|x64.Build.0 = Release|x64
		{4EB07D62-EA09-4864-A90A-15BC7955500F}.Release|x86.ActiveCfg = Release|Win32
		{4EB07D62-EA09-4864-A90A-15BC7955500F}.Release|x86.Build.0 = Release|Win32
		{F2ED9395-55C1-4FCD-A826-8C6EFC4A0907}.Debug|x64.ActiveCfg = Debug|x64
		{F2ED9395-55C1-4FCD-A826-8C6EFC4A0907}.Debug|x64.Build.0 = Debug|x64
		{F2ED9395-55C1-4FCD-A826-8C6EFC4A0907}.Debug|x86.ActiveCfg = Debug|Win32
		{F2ED9395-55C1-4FCD-A826-8C6EFC4A0907}.Debug|x86.Build.0 = Debug|Win32
		{F2ED9395-55C1-4FCD-A826-8C6EFC4A0907}.Release|x64.ActiveCfg = Release|x64
		{F2ED9395-55C1-4FCD-A826-8C6EFC4A0907}.Release|x64.Build.0 = Release|x64
		{F2ED9395-55C1-4FCD-A826-8C6EFC4A0907}.Release|x86.ActiveCfg = Release|Win32
		{F2ED9395-55C1-4FCD-A826-8C6EFC4A0907}.Release|x86.Build.0 = Release|Win32
		{C70D4D02-FB34-4512-8456-DDDBC386E92C}.Debug|x64.ActiveCfg = Debug|x64
		{C70D4D02-FB34-4512-8456-DDDBC386E92C}.Debug|x64.Build.0 = Debug|x64
		{C70D4D02-FB34-4512-8456-DDDBC386E92C}.Debug|x86.ActiveCfg = Debug|Win32
		{C70D4D02-FB34-4512-8456-DDDBC386E92C}.Debug|x86.Build.0 = Debug|Win32
		{C70D4D02-FB34-4512-8456-DDDBC386E92C}.Release|x64.ActiveCfg = Release|x64
		{C70D4D02-FB34-4512-8456-DDDBC386E92C}.Release|x64.Build.0 = Release|x64
		{C70D4D02-FB34-4512-8456-DDDBC386E92C}.Release|x86.ActiveCfg = Release|Win32
		{C70D4D02-FB34-4512-8456-DDDBC386E92C}.Release|x86.Build.0 = Release|Win32
		{35132DAF-497A-4950-A71D-EEFFDE033B40}.Debug|x64.ActiveCfg = Debug|x64
		{35132DAF-497A-4950-A71D-EEFFDE033B40}.Debug|x64.Build.0 = Debug|x64
		{35132DAF-497A-4950-A71D-EEFFDE033B40}.Debug|x86.ActiveCfg = Debug|Win32
		{35132DAF-497A-4950-A71D-EEFFDE033B40}.Debug|x86.Build.0 = Debug|Win32
		{35132DAF-497A-4950-A71D-EEFFDE033B40}.Release|x64.ActiveCfg = Release|x64
		{35132DAF-497A-4950-A71D-EEFFDE033B40}.Release|x64.Build.0 = Release|x64
		{35132DAF-497A-4950-A71D-EEFFDE033B40}.Release|x86.ActiveCfg = Release|Win32
		{35132DAF-497A-4950-A71D-EEFFDE033B40}.Release|x86.Build.0 = Release|Win32
		{AAF933E5-6CED-45BA-98BA-5A5F15FEDA0B}.Debug|x64.ActiveCfg = Debug|x64
		{AAF933E5-6CED-45BA-98BA-5A5F15FEDA0B}.Debug|x64.Build.0 = Debug|x64
		{AAF933E5-6CED-45BA-98BA-5A5F15FEDA0B}.Debug|x86.ActiveCfg = Debug|Win32
		{AAF933E5-6CED-45BA-98BA-5A5F15FEDA0B}.Debug|x86.Build.0 = Debug|Win32
		{AAF933E5-6CED-45BA-98BA-5A5F15FEDA0B}.Release|x64.ActiveCfg = Release|x64
		{AAF933E5-6CED-45BA-98BA-5A5F15FEDA0B}.Release|x64.Build.0 = Release|x64
		{AAF933E5-6CED-45BA-98BA-5A5F15FEDA0B}.Release|x86.ActiveCfg = Release|Win32
		{AAF933E5-6CED-45BA-98BA-5A5F15FEDA0B}.Release|x86.Build.0 = Release|Win32
		{EC1DE425-72F9-4873-9B90-99213BB2CFFA}.Debug|x64.ActiveCfg = Debug|x64
		{EC1DE425-72F9-4873-9B90-99213BB2CFFA}.Debug|x64.Build.0 = Debug|x64
		{EC1DE425-72F9-4873-9B90-99213BB2CFFA}.Debug|x86.ActiveCfg = Debug|Win32
		{EC1DE425-72F9-4873-9B90-99213BB2CFFA}.Debug|x86.Build.0 = Debug|Win32
		{EC1DE425-72F9-4873-9B90-99213BB2CFFA}.Release|x64.ActiveCfg = Release|x64
		{EC1DE425-72F9-4873-9B90-99213BB2CFFA}.Release|x64.Build.0 = Release|x64
		{EC1DE425-72F9-4873-9B90-99213BB2CFFA}.Release|x86.ActiveCfg = Release|Win32
		{EC1DE425-72F9-4873-9B90-99213BB2CFFA}.Release|x86.Build.0 = Release|Win32
		{06A8C5DA-F203-412E-BDAF-3E949A9520C9}.Debug|x64.ActiveCfg = Debug|x64
		{06A8C5DA-F203-412E-BDAF-3E949A9520C9}.Debug|x64.Build.0 = Debug|x64
		{06A8C5DA-F203-412E-BDAF-3E949A9520C9}.Debug|x86.ActiveCfg = Debug|Win32
		{06A8C5DA-F203-412E-BDAF-3E949A9520C9}.Debug|x86.Build.0 = Debug|Win32
		{06A8C5DA-F203-412E-BDAF-3E949A9520C9}.Release|x64.ActiveCfg = Release|x64
		{06A8C5DA-F203-412E-BDAF-3E949A9520C9}.Release|x64.Build.0 = Release|x64
		{06A8C5DA-F203-412E-BDAF-3E949A9520C9}.Release|x86.ActiveCfg = Release|Win32
		{06A8C5DA-F203-412E-BDAF-3E949A9520C9}.Release|x86.Build.0 = Release|Win32
		{484BEBD8-1386-457A-80C7-4BFF055AB7AD}.Debug|x64.ActiveCfg = Debug|x64
		{484BEBD8-1386-457A-80C7-4BFF055AB7AD}.Debug|x64.Build.0 = Debug|x64
		{484BEBD8-1386-457A-80C7-4BFF055AB7AD}.Debug|x86.ActiveCfg = Debug|Win32
		{484BEBD8-1386-457A-80C7-4BFF055AB7AD}.Debug|x86.Build.0 = Debug|Win32
		{484BEBD8-1386-457A-80C7-4BFF055AB7AD}.Release|x64.ActiveCfg = Release|x64
		{484BEBD8-1386-457A-80C7-4BFF055AB7AD}.Release|x64.Build.0 = Release|x64
		{484BEBD8-1386-457A-80C7-4BFF055AB7AD}.Release|x86.ActiveCfg = Release|Win32
		{484BEBD8-1386-457A-80C7-4BFF055AB7AD}.Release|x86.Build.0 = Release|Win32
		{646CBE5F-C0B2-44F9-8701-C70D2CF45563}.Debug|x64.ActiveCfg = Debug|x64
		{646CBE5F-C0B2-44F9-8701-C70D2CF45563}.Debug|x64.Build.0 = Debug|x64
		{646CBE5F-C0B2-44F9-8701-C70D2CF45563}.Debug|x86.ActiveCfg = Debug|Win32
		{646CBE5F-C0B2-44F9-8701-C70D2CF45563}.Debug|x86.Build.0 = Debug|Win32
		{646CBE5F-C0B2-44F9-8701-C70D2CF45563}.Release|x64.ActiveCfg = Release|x64
		{646CBE5F-C0B2-44F9-8701-C70D2CF45563}.Release|x64.Build.0 = Release|x64
		{646CBE5F-C0B2-44F9-8701-C70D2CF45563}.Release|x86.ActiveCfg = Release|Win32
		{646CBE5F-C0B2-44F9-8701-C70D2CF45563}.Release|x86.Build.0 = Release|Win32
		{C4EC461B-8B86-4E6C-96F8-B4EAEBB6B86B}.Debug|x64.ActiveCfg = Debug|x64
		{C4EC461B-8B86-4E6C-96F8-B4EAEBB6B86B}.Debug|x64.Build.0 = Debug|x64
		{C4EC461B-8B86-4E6C-96F8-B4EAEBB6B86B}.Debug|x86.ActiveCfg = Debug|Win32
		{C4EC461B-8B86-4E6C-96F8-B4EAEBB6B86B}.Debug|x86.Build.0 = Debug|Win32
		{C4EC461B-8B86-4E6C-96F8-B4EAEBB6B86B}.Release|x64.ActiveCfg = Release|x64
		{C4EC461B-8B86-4E6C-96F8-B4EAEBB6B86B}.Release|x64.Build.0 = Release|x64
		{C4EC461B-8B86-4E6C-96F8-B4EAEBB6B86B}.Release|x86.ActiveCfg = Release|Win32
		{C4EC461B-8B86-4E6C-96F8-B4EAEBB6B86B}.Release|x86.Build.0 = Release|Win32
		{CD5ED0DD-AB63-463F-A20A-CD5054BA4605}.Debug|x64.ActiveCfg = Debug|x64
		{CD5ED0DD-AB63-463F-A20A-CD5054BA4605}.Debug|x64.Build.0 = Debug|x64
		{CD5ED0DD-AB63-463F-A20A-CD5054BA4605}.Debug|x86.ActiveCfg = Debug|Win32
		{CD5ED0DD-AB63-463F-A20A-CD5054BA4605}.Debug|x86.Build.0 = Debug|Win32
		{CD5ED0DD-AB63-463F-A20A-CD5054BA4605}.Release|x64.ActiveCfg = Release|x64
		{CD5ED0DD-AB63-463F-A20A-CD5054BA4605}.Release|x64.Build.0 = Release|x64
		{CD5ED0DD-AB63-463F-A20A-CD5054BA4605}.Release|x86.ActiveCfg = Release|Win32
		{CD5ED0DD-AB63-463F-A20A-CD5054BA4605}.Release|x86.Build.0 = Release|Win32
		{59B5C93B-42B5-43A9-BE85-0DF5160A650F}.Debug|x64.ActiveCfg = Debug|x64
		{59B5C93B-42B5-43A9-BE85-0DF5160A650F}.Debug|x64.Build.0 = Debug|x64
		{59B5C93B-42B5-43A9-BE85-0DF5160A650F}.Debug|x86.ActiveCfg = Debug|Win32
		{59B5C93B-42B5-43A9-BE85-0DF5160A650F}.Debug|x86.Build.0 = Debug|Win32
		{59B5C93B-42B5-43A9-BE85-0DF5160A650F}.Release|x64.ActiveCfg = Release|x64
		{59B5C93B-42B5-43A9-BE85-0DF5160A650F}.Release|x64.Build.0 = Release|x64
		{59B5C93B-42B5-43A9-BE85-0DF5160A650F}.Release|x86.ActiveCfg = Release|Win32
		{59B5C93B-42B5-43A9-BE85-0DF5160A650F}.Release|x86.Build.0 = Release|Win32
		{1D7A3412-9F7D-4481-B22C-224410184DC1}.Debug|x64.ActiveCfg = Debug|x64
		{1D7A3412-9F7D-4481-B22C-224410184DC1}.Debug|x64.Build.0 = Debug|x64
		{1D7A3412-9F7D-4481-B22C-224410184DC1}.Debug|x86.ActiveCfg = Debug|Win32
		{1D7A3412-9F7D-4481-B22C-224410184DC1}.Debug|x86.Build.0 = Debug|Win32
		{1D7A3412-9F7D-4481-B22C-224410184DC1}.Release|x64.ActiveCfg = Release|x64
		{1D7A3412-9F7D-4481-B22C-224410184DC1}.Release|x64.Build.0 = Release|x64
		{1D7A3412-9F7D-4481-B22C-224410184DC1}.Release|x86.ActiveCfg = Release|Win32
		{1D7A3412-9F7D-4481-B22C-224410184DC1}.Release|x86.Build.0 = Release|Win32
		{4B9D62F2-B708-4890-95E9-BE032C994486}.Debug|x64.ActiveCfg = Debug|x64
		{4B9D62F2-B708-4890-95E9-BE032C994486}.Debug|x64.Build.0 = Debug|x64
		{4B9D62F2-B708-4890-95E9-BE032C994486}.Debug|x86.ActiveCfg = Debug|Win32
		{4B9D62F2-B708-4890-95E9-BE032C994486}.Debug|x86.Build.0 = Debug|Win32
		{4B9D62F2-B708-4890-95E9-BE032C994486}.Release|x64.ActiveCfg = Release|x64
		{4B9D62F2-B708-4890-95E9-BE032C994486}.Release|x64.Build.0 = Release|x64
		{4B9D62F2-B708-4890-95E9-BE032C994486}.Release|x86.ActiveCfg = Release|Win32
		{4B9D62F2-B708-4890-95E9-BE032C994486}.Release|x86.Build.0 = Release|Win32
		{5C0CF6CC-0308-4FF7-9D91-5E5F09DA7AEB}.Debug|x64.ActiveCfg = Debug|x64
		{5C0CF6CC-0308-4FF7-9D91-5E5F09DA7AEB}.Debug|x64.Build.0 = Debug|x64
		{5C0CF6CC-0308-4FF7-9D91-5E5F09DA7AEB}.Debug|x86.ActiveCfg = Debug|Win32
		{5C0CF6CC-0308-4FF7-9D91-5E5F09DA7AEB}.Debug|x86.Build.0 = Debug|Win32
		{5C0CF6CC-0308-4FF7-9D91-5E5F09DA7AEB}.Release|x64.ActiveCfg = Release|x64
		{5C0CF6CC-0308-4FF7-9D91-5E5F09DA7AEB}.Release|x64.Build.0 = Release|x64
		{5C0CF6CC-0308-4FF7-9D91-5E5F09DA7AEB}.Release|x86.ActiveCfg = Release|Win32
		{5C0CF6CC-0308-4FF7-9D91-5E5F09DA7AEB}.Release|x86.Build.0 = Release|Win32
		{1FAA7A59-4FCE-4C8A-85A4-8A3A24BF71D5}.Debug|x64.ActiveCfg = Debug|x64
		{1FAA7A59-4FCE-4C8A-85A4-8A3A24BF71D5}.Debug|x64.Build.0 = Debug|x64
		{1FAA7A59-4FCE-4C8A-85A4-8A3A24BF71D5}.Debug|x86.ActiveCfg = Debug|Win32
		{1FAA7A59-4FCE-4C8A-85A4-8A3A24BF71D5}.Debug|x86.Build.0 = Debug|Win32
		{1FAA7A59-4FCE-4C8A-85A4-8A3A24BF71D5}.Release|x64.ActiveCfg = Release|x64
		{1FAA7A59-4FCE-4C8A-85A4-8A3A24BF71D5}.Release|x64.Build.0 = Release|x64
		{1FAA7A59-4FCE-4C8A-85A4-8A3A24BF71D5}.Release|x86.ActiveCfg = Release|Win32
		{1FAA7A59-4FCE-4C8A-85A4-8A3A24BF71D5}.Release|x86.Build.0 = Release|Win32
		{651E74F5-49E3-409A-B121-3673697C25AE}.Debug|x64.ActiveCfg = Debug|x64
		{651E74F5-49E3-409A-B121-3673697C25AE}.Debug|x64.Build.0 = Debug|x64
		{651E74F5-49E3-409A-B121-3673697C25AE}.Debug|x86.ActiveCfg = Debug|Win32
		{651E74F5-49E3-409A-B121-3673697C25AE}.Debug|x86.Build.0 = Debug|Win32
		{651E74F5-49E3-409A-B121-3673697C25AE}.Release|x64.ActiveCfg = Release|x64
		{651E74F5-49E3-409A-B121-3673697C25AE}.Release|x64.Build.0 = Release|x64
		{651E74F5-49E3-409A-B121-3673697C25AE}.Release|x86.ActiveCfg = Release|Win32
		{651E74F5-49E3-409A-B121-3673697C25AE}.Release|x86.Build.0 = Release|Win32
		{37F1BBC8-FF58-43D4-9C15-9D9DD17EBBAC}.Debug|x64.ActiveCfg = Debug|x64
		{37F1BBC8-FF58-43D4-9C15-9D9DD17EBBAC}.Debug|x64.Build.0 = Debug|x64
		{37F1BBC8-FF58-43D4-9C15-9D9DD17EBBAC}.Debug|x86.ActiveCfg = Debug|Win32
		{37F1BBC8-FF58-43D4-9C15-9D9DD17EBBAC}.Debug|x86.Build.0 = Debug|Win32
		{37F1BBC8-FF58-43D4-9C15-9D9DD17EBBAC}.Release|x64.ActiveCfg = Release|x64
		{37F1BBC8-FF58-43D4-9C15-9D9DD17EBBAC}.Release|x64.Build.0 = Release|x64
		{37F1BBC8-FF58-43D4-9C15-9D9DD17EBBAC}.Release|x86.ActiveCfg = Release|Win32
		{37F1BBC8-FF58-43D4-9C15-9D9DD17EBBAC}.Release|x86.Build.0 = Release|Win32
		{F21D0975-1B9A-46B1-93EB-B2DC26AC5C7F}.Debug|x64.ActiveCfg = Debug|x64
		{F21D0975-1B9A-46B1-93EB-B2DC26AC5C7F}.Debug|x64.Build.0 = Debug|x64
		{F21D0975-1B9A-46B1-93EB-B2DC26AC5C7F}.Debug|x86.ActiveCfg = Debug|Win32
		{F21D0975-1B9A-46B1-93EB-B2DC26AC5C7F}.Debug|x86.Build.0 = Debug|Win32
		{F21D0975-1B9A-46B1-93EB-B2DC26AC5C7F}.Release|x64.ActiveCfg = Release|x64
		{F21D0975-1B9A-46B1-93EB-B2DC26AC5C7F}.Release|x64.Build.0 = Release|x64
		{F21D0975-1B9A-46B1-93EB-B2DC26AC5C7F}.Release|x86.ActiveCfg = Release|Win32
		{F21D0975-1B9A-46B1-93EB-B2DC26AC5C7F}.Release|x86.Build.0 = Release|Win32
		{350CAF6B-ECB9-401D-9CA4-5E48A273B032}.Debug|x64.ActiveCfg = Debug|x64
		{350CAF6B-ECB9-401D-9CA4-5E48A273B032}.Debug|x64.Build.0 = Debug|x64
		{350CAF6B-ECB9-401D-9CA4-5E48A273B032}.Debug|x86.ActiveCfg = Debug|Win32
		{350CAF6B-ECB9-401D-9CA4-5E48A273B032}.Debug|x86.Build.0 = Debug|Win32
		{350CAF6B-ECB9-401D-9CA4-5E48A273B032}.Release|x64.ActiveCfg = Release|x64
		{350CAF6B-ECB9-401D-9CA4-5E48A273B032}.Release|x64.Build.0 = Release|x64
		{350CAF6B-ECB9-401D-9CA4-5E48A273B032}.Release|x86.ActiveCfg = Release|Win32
		{350CAF6B-ECB9-401D-9CA4-5E48A273B032}.Release|x86.Build.0 = Release|Win32
		{1DA66C41-D9E9-4716-9B30-BFFF6FE864AB}.Debug|x64.ActiveCfg = Debug|x64
		{1DA66C41-D9E9-4716-9B30-BFFF6FE864AB}.Debug|x64.Build.0 = Debug|x64
		{1DA66C41-D9E9-4716-9B30-BFFF6FE864AB}.Debug|x86.ActiveCfg = Debug|Win32
		{1DA66C41-D9E9-4716-9B30-BFFF6FE864AB}.Debug|x86.Build.0 = Debug|Win32
		{1DA66C41-D9E9-4716-9B30-BFFF6FE864AB}.Release|x64.ActiveCfg = Release|x64
		{1DA66C41-D9E9-4716-9B30-BFFF6FE864AB}.Release|x64.Build.0 = Release|x64
		{1DA66C41-D9E9-4716-9B30-BFFF6FE864AB}.Release|x86.ActiveCfg = Release|Win32
		{1DA66C41-D9E9-4716-9B30-BFFF6FE864AB}.Release|x86.Build.0 = Release|Win32
		{78B2DE20-B470-4E90-A18D-12606F1FD0F8}.Debug|x64.ActiveCfg = Debug|x64
		{78B2DE20-B470-4E90-A18D-12606F1FD0F8}.Debug|x64.Build.0 = Debug|x64
		{78B2DE20-B470-4E90-A18D-12606F1FD0F8}.Debug|x86.ActiveCfg = Debug|Win32
		{78B2DE20-B470-4E90-A18D-12606F1FD0F8}.Debug|x86.Build.0 = Debug|Win32
		{78B2DE20-B470-4E90-A18D-12606F1FD0F8}.Release|x64.ActiveCfg = Release|x64
		{78B2DE20-B470-4E90-A18D-12606F1FD0F8}.Release|x64.Build.0 = Release|x64
		{78B2DE20-B470-4E90-A18D-12606F1FD0F8}.Release|x86.ActiveCfg = Release|Win32
		{78B2DE20-B470-4E90-A18D-12606F1FD0F8}.Release|x86.Build.0 = Release|Win32
		{4AD4F10C-7FAA-46AC-A362-E7B98BB995BB}.Debug|x64.ActiveCfg = Debug|x64
		{4AD4F10C-7FAA-46AC-A362-E7B98BB995BB}.Debug|x64.Build.0 = Debug|x64
		{4AD4F10C-7FAA-46AC-A362-E7B98BB995BB}.Debug|x86.ActiveCfg = Debug|Win32
		{4AD4F10C-7FAA-46AC-A362-E7B98BB995BB}.Debug|x86.Build.0 = Debug|Win32
		{4AD4F10C-7FAA-46AC-A362-E7B98BB995BB}.Release|x64.ActiveCfg = Release|x64
		{4AD4F10C-7FAA-46AC-A362-E7B98BB995BB}.Release|x64.Build.0 = Release|x64
		{4AD4F10C-7FAA-46AC-A362-E7B98BB995BB}.Release|x86.ActiveCfg = Release|Win32
		{4AD4F10C-7FAA-46AC-A362-E7B98BB995BB}.Release|x86.Build.0 = Release|Win32
		{7F91929E-9A4D-4EA3-A683-A35A7EEBA97D}.Debug|x64.ActiveCfg = Debug|x64
		{7F91929E-9A4D-4EA3-A683-A35A7EEBA97D}.Debug|x64.Build.0 = Debug|x64
		{7F91929E-9A4D-4EA3-A683-A35A7EEBA97D}.Debug|x86.ActiveCfg = Debug|Win32
		{7F91929E-9A4D-4EA3-A683-A35A7EEBA97D}.Debug|x86.Build.0 = Debug|Win32
		{7F91929E-9A4D-4EA3-A683-A35A7EEBA97D}.Release|x64.ActiveCfg = Release|x64
		{7F91929E-9A4D-4EA3-A683-A35A7EEBA97D}.Release|x64.Build.0 = Release|x64
		{7F91929E-9A4D-4EA3-A683-A35A7EEBA97D}.Release|x86.ActiveCfg = Release|Win32
		{7F91929E-9A4D-4EA3-A683-A35A7EEBA97D}.Release|x86.Build.0 = Release|Win32
		{C71CCE7E-824E-48E7-8C40-24506AA03CA4}.Debug|x64.ActiveCfg = Debug|x64
		{C71CCE7E-824E-48E7-8C40-24506AA03CA4}.Debug|x64.Build.0 = Debug|x64
		{C71CCE7E-824E-48E7-8C40-24506AA03CA4}.Debug|x86.ActiveCfg = Debug|Win32
		{C71CCE7E-824E-48E7-8C40-24506AA03CA4}.Debug|x86.Build.0 = Debug|Win32
		{C71CCE7E-824E-48E7-8C40-24506AA03CA4}.Release|x64.ActiveCfg = Release|x64
		{C71CCE7E-824E-48E7-8C40-24506AA03CA4}.Release|x64.Build.0 = Release|x64
		{C71CCE7E-824E-48E7-8C40-24506AA03CA4}.Release|x86.ActiveCfg = Release|Win32
		{C71CCE7E-824E-48E7-8C40-24506AA03CA4}.Release|x86.Build.0 = Release|Win32
		{BAF77FFA-161F-4321-B487-D0BFD59676FF}.Debug|x64.ActiveCfg = Debug|x64
		{BAF77FFA-161F-4321-B487-D0BFD59676FF}.Debug|x64.Build.0 = Debug|x64
		{BAF77FFA-161F-4321-B487-D0BFD59676FF}.Debug|x86.ActiveCfg = Debug|Win32
		{BAF77FFA-161F-4321-B487-D0BFD59676FF}.Debug|x86.Build.0 = Debug|Win32
		{BAF77FFA-161F-4321-B487-D0BFD59676FF}.Release|x64.ActiveCfg = Release|x64
		{BAF77FFA-161F-4321-B487-D0BFD59676FF}.Release|x64.Build.0 = Release|x64
		{BAF77FFA-161F-4321-B487-D0BFD59676FF}.Release|x86.ActiveCfg = Release|Win32
		{BAF77FFA-161F-4321-B487-D0BFD59676FF}.Release|x86.Build.0 = Release|Win32
		{4397231C-E8FD-421D-8731-F4AB08570E91}.Debug|x64.ActiveCfg = Debug|x64
		{4397231C-E8FD-421D-8731-F4AB08570E91}.Debug|x64.Build.0 = Debug|x64
		{4397231C-E8FD-421D-8731-F4AB08570E91}.Debug|x86.ActiveCfg = Debug|Win32
		{4397231C-E8FD-421D-8731-F4AB08570E91}.Debug|x86.Build.0 = Debug|Win32
		{4397231C-E8FD-421D-8731-F4AB08570E91}.Release|x64.ActiveCfg = Release|x64
		{4397231C-E8FD-421D-8731-F4AB08570E91}.Release|x64.Build.0 = Release|x64
		{4397231C-E8FD-421D-8731-F4AB08570E91}.Release|x86.ActiveCfg = Release|Win32
		{4397231C-E8FD-421D-8731-F4AB08570E91}.Release|x86.Build.0 = Release|Win32
	EndGlobalSection
	GlobalSection(SolutionProperties) = preSolution
		HideSolutionNode = FALSE
	EndGlobalSection
	GlobalSection(ExtensibilityGlobals) = postSolution
		SolutionGuid = {108E1BC8-FAC6-4B6B-A281-B1F1E12BB0CC}
	EndGlobalSection
EndGlobal
