
Microsoft Visual Studio Solution File, Format Version 12.00
# Visual Studio 15
VisualStudioVersion = 15.0.28307.438
MinimumVisualStudioVersion = 10.0.40219.1
Project("{8BC9CEB8-8B4A-11D0-8D11-00A0C91BC942}") = "ColelctionOfExample", "ColelctionOfExample\ColelctionOfExample.vcxproj", "{D83FC653-ABFB-4B8C-B58C-BE8998688596}"
EndProject
Project("{8BC9CEB8-8B4A-11D0-8D11-00A0C91BC942}") = "EquationProvision", "EquationProvision\EquationProvision.vcxproj", "{C7C48ABB-8A94-4184-8CFD-BE1F332127BB}"
EndProject
Project("{8BC9CEB8-8B4A-11D0-8D11-00A0C91BC942}") = "VarianceAndStandardDeviationCalculation", "VarianceAndStandardDeviationCalculation\VarianceAndStandardDeviationCalculation.vcxproj", "{31AC8A09-1EE0-473B-AA48-1BDF950FDE74}"
EndProject
Project("{8BC9CEB8-8B4A-11D0-8D11-00A0C91BC942}") = "CollatzsTheorem", "CollatzsTheorem\CollatzsTheorem.vcxproj", "{20D844DA-8D7A-4CCB-BD11-CDEEE42A369D}"
EndProject
Project("{8BC9CEB8-8B4A-11D0-8D11-00A0C91BC942}") = "PerfectNumberForm", "PerfectNumberForm\PerfectNumberForm.vcxproj", "{09096BD6-A946-4355-86D9-75CDDF4B96D6}"
EndProject
Project("{8BC9CEB8-8B4A-11D0-8D11-00A0C91BC942}") = "CullenNumber", "CullenNumber\CullenNumber.vcxproj", "{7635D06D-8094-493F-9795-1362299240CD}"
EndProject
Project("{8BC9CEB8-8B4A-11D0-8D11-00A0C91BC942}") = "BubbleSort", "BubbleSort\BubbleSort.vcxproj", "{4EB07D62-EA09-4864-A90A-15BC7955500F}"
EndProject
Global
	GlobalSection(SolutionConfigurationPlatforms) = preSolution
		Debug|x64 = Debug|x64
		Debug|x86 = Debug|x86
		Release|x64 = Release|x64
		Release|x86 = Release|x86
	EndGlobalSection
	GlobalSection(ProjectConfigurationPlatforms) = postSolution
		{D83FC653-ABFB-4B8C-B58C-BE8998688596}.Debug|x64.ActiveCfg = Debug|x64
		{D83FC653-ABFB-4B8C-B58C-BE8998688596}.Debug|x64.Build.0 = Debug|x64
		{D83FC653-ABFB-4B8C-B58C-BE8998688596}.Debug|x86.ActiveCfg = Debug|Win32
		{D83FC653-ABFB-4B8C-B58C-BE8998688596}.Debug|x86.Build.0 = Debug|Win32
		{D83FC653-ABFB-4B8C-B58C-BE8998688596}.Release|x64.ActiveCfg = Release|x64
		{D83FC653-ABFB-4B8C-B58C-BE8998688596}.Release|x64.Build.0 = Release|x64
		{D83FC653-ABFB-4B8C-B58C-BE8998688596}.Release|x86.ActiveCfg = Release|Win32
		{D83FC653-ABFB-4B8C-B58C-BE8998688596}.Release|x86.Build.0 = Release|Win32
		{C7C48ABB-8A94-4184-8CFD-BE1F332127BB}.Debug|x64.ActiveCfg = Debug|x64
		{C7C48ABB-8A94-4184-8CFD-BE1F332127BB}.Debug|x64.Build.0 = Debug|x64
		{C7C48ABB-8A94-4184-8CFD-BE1F332127BB}.Debug|x86.ActiveCfg = Debug|Win32
		{C7C48ABB-8A94-4184-8CFD-BE1F332127BB}.Debug|x86.Build.0 = Debug|Win32
		{C7C48ABB-8A94-4184-8CFD-BE1F332127BB}.Release|x64.ActiveCfg = Release|x64
		{C7C48ABB-8A94-4184-8CFD-BE1F332127BB}.Release|x64.Build.0 = Release|x64
		{C7C48ABB-8A94-4184-8CFD-BE1F332127BB}.Release|x86.ActiveCfg = Release|Win32
		{C7C48ABB-8A94-4184-8CFD-BE1F332127BB}.Release|x86.Build.0 = Release|Win32
		{31AC8A09-1EE0-473B-AA48-1BDF950FDE74}.Debug|x64.ActiveCfg = Debug|x64
		{31AC8A09-1EE0-473B-AA48-1BDF950FDE74}.Debug|x64.Build.0 = Debug|x64
		{31AC8A09-1EE0-473B-AA48-1BDF950FDE74}.Debug|x86.ActiveCfg = Debug|Win32
		{31AC8A09-1EE0-473B-AA48-1BDF950FDE74}.Debug|x86.Build.0 = Debug|Win32
		{31AC8A09-1EE0-473B-AA48-1BDF950FDE74}.Release|x64.ActiveCfg = Release|x64
		{31AC8A09-1EE0-473B-AA48-1BDF950FDE74}.Release|x64.Build.0 = Release|x64
		{31AC8A09-1EE0-473B-AA48-1BDF950FDE74}.Release|x86.ActiveCfg = Release|Win32
		{31AC8A09-1EE0-473B-AA48-1BDF950FDE74}.Release|x86.Build.0 = Release|Win32
		{20D844DA-8D7A-4CCB-BD11-CDEEE42A369D}.Debug|x64.ActiveCfg = Debug|x64
		{20D844DA-8D7A-4CCB-BD11-CDEEE42A369D}.Debug|x64.Build.0 = Debug|x64
		{20D844DA-8D7A-4CCB-BD11-CDEEE42A369D}.Debug|x86.ActiveCfg = Debug|Win32
		{20D844DA-8D7A-4CCB-BD11-CDEEE42A369D}.Debug|x86.Build.0 = Debug|Win32
		{20D844DA-8D7A-4CCB-BD11-CDEEE42A369D}.Release|x64.ActiveCfg = Release|x64
		{20D844DA-8D7A-4CCB-BD11-CDEEE42A369D}.Release|x64.Build.0 = Release|x64
		{20D844DA-8D7A-4CCB-BD11-CDEEE42A369D}.Release|x86.ActiveCfg = Release|Win32
		{20D844DA-8D7A-4CCB-BD11-CDEEE42A369D}.Release|x86.Build.0 = Release|Win32
		{09096BD6-A946-4355-86D9-75CDDF4B96D6}.Debug|x64.ActiveCfg = Debug|x64
		{09096BD6-A946-4355-86D9-75CDDF4B96D6}.Debug|x64.Build.0 = Debug|x64
		{09096BD6-A946-4355-86D9-75CDDF4B96D6}.Debug|x86.ActiveCfg = Debug|Win32
		{09096BD6-A946-4355-86D9-75CDDF4B96D6}.Debug|x86.Build.0 = Debug|Win32
		{09096BD6-A946-4355-86D9-75CDDF4B96D6}.Release|x64.ActiveCfg = Release|x64
		{09096BD6-A946-4355-86D9-75CDDF4B96D6}.Release|x64.Build.0 = Release|x64
		{09096BD6-A946-4355-86D9-75CDDF4B96D6}.Release|x86.ActiveCfg = Release|Win32
		{09096BD6-A946-4355-86D9-75CDDF4B96D6}.Release|x86.Build.0 = Release|Win32
		{7635D06D-8094-493F-9795-1362299240CD}.Debug|x64.ActiveCfg = Debug|x64
		{7635D06D-8094-493F-9795-1362299240CD}.Debug|x64.Build.0 = Debug|x64
		{7635D06D-8094-493F-9795-1362299240CD}.Debug|x86.ActiveCfg = Debug|Win32
		{7635D06D-8094-493F-9795-1362299240CD}.Debug|x86.Build.0 = Debug|Win32
		{7635D06D-8094-493F-9795-1362299240CD}.Release|x64.ActiveCfg = Release|x64
		{7635D06D-8094-493F-9795-1362299240CD}.Release|x64.Build.0 = Release|x64
		{7635D06D-8094-493F-9795-1362299240CD}.Release|x86.ActiveCfg = Release|Win32
		{7635D06D-8094-493F-9795-1362299240CD}.Release|x86.Build.0 = Release|Win32
		{4EB07D62-EA09-4864-A90A-15BC7955500F}.Debug|x64.ActiveCfg = Debug|x64
		{4EB07D62-EA09-4864-A90A-15BC7955500F}.Debug|x64.Build.0 = Debug|x64
		{4EB07D62-EA09-4864-A90A-15BC7955500F}.Debug|x86.ActiveCfg = Debug|Win32
		{4EB07D62-EA09-4864-A90A-15BC7955500F}.Debug|x86.Build.0 = Debug|Win32
		{4EB07D62-EA09-4864-A90A-15BC7955500F}.Release|x64.ActiveCfg = Release|x64
		{4EB07D62-EA09-4864-A90A-15BC7955500F}.Release|x64.Build.0 = Release|x64
		{4EB07D62-EA09-4864-A90A-15BC7955500F}.Release|x86.ActiveCfg = Release|Win32
		{4EB07D62-EA09-4864-A90A-15BC7955500F}.Release|x86.Build.0 = Release|Win32
	EndGlobalSection
	GlobalSection(SolutionProperties) = preSolution
		HideSolutionNode = FALSE
	EndGlobalSection
	GlobalSection(ExtensibilityGlobals) = postSolution
		SolutionGuid = {108E1BC8-FAC6-4B6B-A281-B1F1E12BB0CC}
	EndGlobalSection
EndGlobal
